
Microsoft Visual Studio Solution File, Format Version 12.00
# Visual Studio 14
VisualStudioVersion = 14.0.23107.0
MinimumVisualStudioVersion = 10.0.40219.1
Project("{8BC9CEB8-8B4A-11D0-8D11-00A0C91BC942}") = "1141_불쾌한 날", "1141_불쾌한 날\1141_불쾌한 날.vcxproj", "{2BB05F05-E9E0-44FC-AC4B-CD91A351A474}"
EndProject
Project("{8BC9CEB8-8B4A-11D0-8D11-00A0C91BC942}") = "1370_회의실 배정", "1370_회의실 배정\1370_회의실 배정.vcxproj", "{D0EF4FC6-9DB7-4B52-A852-2D78D3563356}"
EndProject
Project("{8BC9CEB8-8B4A-11D0-8D11-00A0C91BC942}") = "1669_소시지 공장", "1669_소시지 공장\1669_소시지 공장.vcxproj", "{53DE05C6-CC5F-4476-A947-06384C09F507}"
EndProject
Project("{8BC9CEB8-8B4A-11D0-8D11-00A0C91BC942}") = "1328_빌딩", "1328_빌딩\1328_빌딩.vcxproj", "{1A4BA73E-7D58-428B-89F5-53BF16DB546A}"
EndProject
Project("{8BC9CEB8-8B4A-11D0-8D11-00A0C91BC942}") = "1106_장기", "1106_장기\1106_장기.vcxproj", "{78940558-F658-444C-9239-771B1A1D03D0}"
EndProject
Project("{8BC9CEB8-8B4A-11D0-8D11-00A0C91BC942}") = "SST", "SST\SST.vcxproj", "{7116C19B-8B82-402B-96F4-54E74196A7B5}"
EndProject
Project("{8BC9CEB8-8B4A-11D0-8D11-00A0C91BC942}") = "2613_토마토(고)", "2613_토마토(고)\2613_토마토(고).vcxproj", "{ED10E699-C72F-4F0C-BB06-1B5574543376}"
EndProject
Project("{8BC9CEB8-8B4A-11D0-8D11-00A0C91BC942}") = "1462_보물섬", "1462_보물섬\1462_보물섬.vcxproj", "{F1D9938D-2B66-42BC-9AD3-82A361EEF021}"
EndProject
Project("{8BC9CEB8-8B4A-11D0-8D11-00A0C91BC942}") = "1012_유기농 배추", "1012_유기농 배추\1012_유기농 배추.vcxproj", "{D0B12959-AFA7-428A-87D2-83AAC5795ACA}"
EndProject
Project("{8BC9CEB8-8B4A-11D0-8D11-00A0C91BC942}") = "2178_미로 탐색", "2178_미로 탐색\2178_미로 탐색.vcxproj", "{217BDCDD-4E04-4902-AB29-17FF7D5C6FA6}"
EndProject
Project("{8BC9CEB8-8B4A-11D0-8D11-00A0C91BC942}") = "1285_동전 뒤집기", "1285_동전 뒤집기\1285_동전 뒤집기.vcxproj", "{46CD5B89-3B4A-495F-BA77-2B31C5A89323}"
EndProject
Project("{8BC9CEB8-8B4A-11D0-8D11-00A0C91BC942}") = "2846_오르막길", "2846_오르막길\2846_오르막길.vcxproj", "{0B1AC9A9-E202-463A-BFEC-78EA70F6D7F7}"
EndProject
Project("{8BC9CEB8-8B4A-11D0-8D11-00A0C91BC942}") = "2828_사과 담기 게임", "2828_사과 담기 게임\2828_사과 담기 게임.vcxproj", "{A70F3A85-B951-41D3-9F0D-F9BC9D8C8F7B}"
EndProject
Project("{8BC9CEB8-8B4A-11D0-8D11-00A0C91BC942}") = "2865_나는 위대한 슈퍼스타K", "2865_나는 위대한 슈퍼스타K\2865_나는 위대한 슈퍼스타K.vcxproj", "{DF1DB645-B742-49B8-BEDB-69FC6A3F5436}"
EndProject
Project("{8BC9CEB8-8B4A-11D0-8D11-00A0C91BC942}") = "2293_동전1", "2293_동전1\2293_동전1.vcxproj", "{7CF22AD8-5D8C-4CFE-9E76-EE1F62E85DB3}"
EndProject
Project("{8BC9CEB8-8B4A-11D0-8D11-00A0C91BC942}") = "2294_동전2", "2294_동전2\2294_동전2.vcxproj", "{05B48300-4184-4B4D-982D-DF40D76D91C8}"
EndProject
Project("{8BC9CEB8-8B4A-11D0-8D11-00A0C91BC942}") = "4963_섬의 개수", "4963_섬의 개수\4963_섬의 개수.vcxproj", "{69A308CC-0652-4AD0-AD1D-E23AC7ED0167}"
EndProject
Project("{8BC9CEB8-8B4A-11D0-8D11-00A0C91BC942}") = "2490_윷놀이", "2490_윷놀이\2490_윷놀이.vcxproj", "{AABAE737-4123-43E1-BF65-98048E012946}"
EndProject
Project("{8BC9CEB8-8B4A-11D0-8D11-00A0C91BC942}") = "10844_쉬운 계단 수", "10844_쉬운 계단 수\10844_쉬운 계단 수.vcxproj", "{C423EAD7-ACF3-4390-AAF8-A5B9E33872DB}"
EndProject
Project("{8BC9CEB8-8B4A-11D0-8D11-00A0C91BC942}") = "10160_암호", "10160_암호\10160_암호.vcxproj", "{E61C25AD-1BF3-4F9B-B5E8-5FB387CAE0FD}"
EndProject
Project("{8BC9CEB8-8B4A-11D0-8D11-00A0C91BC942}") = "2636_치즈", "2636_치즈\2636_치즈.vcxproj", "{D0474942-4090-43F5-A0FD-CEA2B59FC1FE}"
EndProject
Project("{8BC9CEB8-8B4A-11D0-8D11-00A0C91BC942}") = "2529_부등호", "2529_부등호\2529_부등호.vcxproj", "{8C815D89-CABD-4134-88CE-8BAC4E6C7293}"
EndProject
Project("{8BC9CEB8-8B4A-11D0-8D11-00A0C91BC942}") = "2613_숫자구슬", "2613_숫자구슬\2613_숫자구슬.vcxproj", "{7A070EEF-7885-4593-8974-095280E87E35}"
EndProject
Project("{8BC9CEB8-8B4A-11D0-8D11-00A0C91BC942}") = "2116_주사위 쌓기", "2116_주사위 쌓기\2116_주사위 쌓기.vcxproj", "{32A3F521-522E-4F4B-A9F8-60F619F1285B}"
EndProject
Project("{8BC9CEB8-8B4A-11D0-8D11-00A0C91BC942}") = "1929_소수 구하기", "1929_소수 구하기\1929_소수 구하기.vcxproj", "{4E1CE66E-52B9-4A56-99E6-4C5C756472FE}"
EndProject
Project("{8BC9CEB8-8B4A-11D0-8D11-00A0C91BC942}") = "1753_최단경로", "1753_최단경로\1753_최단경로.vcxproj", "{25507F66-0C58-478B-A6AD-E3BFE8404D1A}"
EndProject
Project("{8BC9CEB8-8B4A-11D0-8D11-00A0C91BC942}") = "2573_빙산", "2573_빙산\2573_빙산.vcxproj", "{BBFCDE22-6D49-4AE2-B574-E0562CBA5263}"
EndProject
Project("{8BC9CEB8-8B4A-11D0-8D11-00A0C91BC942}") = "2858_기숙사 바닥", "2858_기숙사 바닥\2858_기숙사 바닥.vcxproj", "{1BEA76DC-75B9-43C7-81C5-D44324E70A1E}"
EndProject
Project("{8BC9CEB8-8B4A-11D0-8D11-00A0C91BC942}") = "2504_괄호의 값", "2504_괄호의 값\2504_괄호의 값.vcxproj", "{C840505B-3CF7-49F3-8B4A-7A5473F65CA1}"
EndProject
Project("{8BC9CEB8-8B4A-11D0-8D11-00A0C91BC942}") = "2583_영역 구하기", "2583_영역 구하기\2583_영역 구하기.vcxproj", "{C2919EB3-8E56-4FB0-9420-E6D29B58688A}"
EndProject
Project("{8BC9CEB8-8B4A-11D0-8D11-00A0C91BC942}") = "1931_회의실배정", "1931_회의실배정\1931_회의실배정.vcxproj", "{7C0D939D-2B3A-4D41-8407-DDF446F155EB}"
EndProject
Project("{8BC9CEB8-8B4A-11D0-8D11-00A0C91BC942}") = "2839_설탕 배달", "2839_설탕 배달\2839_설탕 배달.vcxproj", "{2B008129-BE60-41F5-98F0-DDFF190D29AE}"
EndProject
Project("{8BC9CEB8-8B4A-11D0-8D11-00A0C91BC942}") = "2667_단지번호붙이기", "2667_단지번호붙이기\2667_단지번호붙이기.vcxproj", "{88BC990E-F76C-4C47-A06D-DA55F61F135A}"
EndProject
Project("{8BC9CEB8-8B4A-11D0-8D11-00A0C91BC942}") = "2154_수 이어 쓰기 3", "2154_수 이어 쓰기 3\2154_수 이어 쓰기 3.vcxproj", "{14FB4E0D-3079-45B2-8868-685E76AB4BF2}"
EndProject
Project("{8BC9CEB8-8B4A-11D0-8D11-00A0C91BC942}") = "2638_치즈", "2638_치즈\2638_치즈.vcxproj", "{61A3E9C6-5B7C-495C-BB26-286A18CCDDB0}"
EndProject
Project("{8BC9CEB8-8B4A-11D0-8D11-00A0C91BC942}") = "2628_종이자르기", "2628_종이자르기\2628_종이자르기.vcxproj", "{3D66E91C-30E4-44CC-B703-988CE1971ED0}"
EndProject
Project("{8BC9CEB8-8B4A-11D0-8D11-00A0C91BC942}") = "2630_색종이 만들기", "2630_색종이 만들기\2630_색종이 만들기.vcxproj", "{C96515BB-9DC9-4184-B6C0-CC14D2DF84B4}"
EndProject
Project("{8BC9CEB8-8B4A-11D0-8D11-00A0C91BC942}") = "2665_미로만들기", "2665_미로만들기\2665_미로만들기.vcxproj", "{119E3A75-28D6-40DF-9DED-270DBA134138}"
EndProject
Project("{8BC9CEB8-8B4A-11D0-8D11-00A0C91BC942}") = "1759_암호 만들기", "1759_암호 만들기\1759_암호 만들기.vcxproj", "{54ECE62F-AB96-4EBB-A95C-1A38044BE5CC}"
EndProject
Project("{8BC9CEB8-8B4A-11D0-8D11-00A0C91BC942}") = "1520_내리막 길", "1520_내리막 길\1520_내리막 길.vcxproj", "{5DACB7C7-87B0-4ED2-8374-93FFE0400EC5}"
EndProject
Project("{8BC9CEB8-8B4A-11D0-8D11-00A0C91BC942}") = "4095_최대 정사각형", "4095_최대 정사각형\4095_최대 정사각형.vcxproj", "{D2EFAA6D-04C0-4D49-8540-C06308F1BA67}"
EndProject
Project("{8BC9CEB8-8B4A-11D0-8D11-00A0C91BC942}") = "1268_임시 반장 정하기", "1268_임시 반장 정하기\1268_임시 반장 정하기.vcxproj", "{76B586C7-709B-4D1B-9EE3-F2719580155C}"
EndProject
Project("{8BC9CEB8-8B4A-11D0-8D11-00A0C91BC942}") = "1987_알파벳", "1987_알파벳\1987_알파벳.vcxproj", "{144D9A03-E1F6-4CBD-8CCB-AFC257C83101}"
EndProject
Project("{8BC9CEB8-8B4A-11D0-8D11-00A0C91BC942}") = "2512_예산", "2512_예산\2512_예산.vcxproj", "{65128F9E-45A7-4F66-9C09-0E6F28D048B2}"
EndProject
Project("{8BC9CEB8-8B4A-11D0-8D11-00A0C91BC942}") = "1867_돌멩이 제거", "1867_돌멩이 제거\1867_돌멩이 제거.vcxproj", "{24A39B1F-5677-4D1F-8E21-5B95AF72C86E}"
EndProject
Project("{8BC9CEB8-8B4A-11D0-8D11-00A0C91BC942}") = "5431_책 쌓기", "5431_책 쌓기\5431_책 쌓기.vcxproj", "{9CF693AD-B974-4075-AEB9-2D4EFC830298}"
EndProject
Project("{8BC9CEB8-8B4A-11D0-8D11-00A0C91BC942}") = "7569_토마토", "7569_토마토\7569_토마토.vcxproj", "{F2751F54-6962-4C6C-93BD-069B53500577}"
EndProject
Project("{8BC9CEB8-8B4A-11D0-8D11-00A0C91BC942}") = "1992_쿼드트리", "1992_쿼드트리\1992_쿼드트리.vcxproj", "{02C067AD-D576-45BD-BFC5-6B9D96AF1A78}"
EndProject
Project("{8BC9CEB8-8B4A-11D0-8D11-00A0C91BC942}") = "2468_안전 영역", "2468_안전 영역\2468_안전 영역.vcxproj", "{13C7C084-6DAF-484E-8487-AF5C23FF11F3}"
EndProject
Project("{8BC9CEB8-8B4A-11D0-8D11-00A0C91BC942}") = "2869_달팽이는 올라가고 싶다", "2869_달팽이는 올라가고 싶다\2869_달팽이는 올라가고 싶다.vcxproj", "{D263D1D3-A3AB-4445-85FC-72C852C47098}"
EndProject
Project("{8BC9CEB8-8B4A-11D0-8D11-00A0C91BC942}") = "2606_바이러스", "2606_바이러스\2606_바이러스.vcxproj", "{A09BBE89-1ABC-4F6E-B53C-CED3CB0ECCF8}"
EndProject
Global
	GlobalSection(SolutionConfigurationPlatforms) = preSolution
		Debug|x64 = Debug|x64
		Debug|x86 = Debug|x86
		Release|x64 = Release|x64
		Release|x86 = Release|x86
	EndGlobalSection
	GlobalSection(ProjectConfigurationPlatforms) = postSolution
		{2BB05F05-E9E0-44FC-AC4B-CD91A351A474}.Debug|x64.ActiveCfg = Debug|x64
		{2BB05F05-E9E0-44FC-AC4B-CD91A351A474}.Debug|x64.Build.0 = Debug|x64
		{2BB05F05-E9E0-44FC-AC4B-CD91A351A474}.Debug|x86.ActiveCfg = Debug|Win32
		{2BB05F05-E9E0-44FC-AC4B-CD91A351A474}.Debug|x86.Build.0 = Debug|Win32
		{2BB05F05-E9E0-44FC-AC4B-CD91A351A474}.Release|x64.ActiveCfg = Release|x64
		{2BB05F05-E9E0-44FC-AC4B-CD91A351A474}.Release|x64.Build.0 = Release|x64
		{2BB05F05-E9E0-44FC-AC4B-CD91A351A474}.Release|x86.ActiveCfg = Release|Win32
		{2BB05F05-E9E0-44FC-AC4B-CD91A351A474}.Release|x86.Build.0 = Release|Win32
		{D0EF4FC6-9DB7-4B52-A852-2D78D3563356}.Debug|x64.ActiveCfg = Debug|x64
		{D0EF4FC6-9DB7-4B52-A852-2D78D3563356}.Debug|x64.Build.0 = Debug|x64
		{D0EF4FC6-9DB7-4B52-A852-2D78D3563356}.Debug|x86.ActiveCfg = Debug|Win32
		{D0EF4FC6-9DB7-4B52-A852-2D78D3563356}.Debug|x86.Build.0 = Debug|Win32
		{D0EF4FC6-9DB7-4B52-A852-2D78D3563356}.Release|x64.ActiveCfg = Release|x64
		{D0EF4FC6-9DB7-4B52-A852-2D78D3563356}.Release|x64.Build.0 = Release|x64
		{D0EF4FC6-9DB7-4B52-A852-2D78D3563356}.Release|x86.ActiveCfg = Release|Win32
		{D0EF4FC6-9DB7-4B52-A852-2D78D3563356}.Release|x86.Build.0 = Release|Win32
		{53DE05C6-CC5F-4476-A947-06384C09F507}.Debug|x64.ActiveCfg = Debug|x64
		{53DE05C6-CC5F-4476-A947-06384C09F507}.Debug|x64.Build.0 = Debug|x64
		{53DE05C6-CC5F-4476-A947-06384C09F507}.Debug|x86.ActiveCfg = Debug|Win32
		{53DE05C6-CC5F-4476-A947-06384C09F507}.Debug|x86.Build.0 = Debug|Win32
		{53DE05C6-CC5F-4476-A947-06384C09F507}.Release|x64.ActiveCfg = Release|x64
		{53DE05C6-CC5F-4476-A947-06384C09F507}.Release|x64.Build.0 = Release|x64
		{53DE05C6-CC5F-4476-A947-06384C09F507}.Release|x86.ActiveCfg = Release|Win32
		{53DE05C6-CC5F-4476-A947-06384C09F507}.Release|x86.Build.0 = Release|Win32
		{1A4BA73E-7D58-428B-89F5-53BF16DB546A}.Debug|x64.ActiveCfg = Debug|x64
		{1A4BA73E-7D58-428B-89F5-53BF16DB546A}.Debug|x64.Build.0 = Debug|x64
		{1A4BA73E-7D58-428B-89F5-53BF16DB546A}.Debug|x86.ActiveCfg = Debug|Win32
		{1A4BA73E-7D58-428B-89F5-53BF16DB546A}.Debug|x86.Build.0 = Debug|Win32
		{1A4BA73E-7D58-428B-89F5-53BF16DB546A}.Release|x64.ActiveCfg = Release|x64
		{1A4BA73E-7D58-428B-89F5-53BF16DB546A}.Release|x64.Build.0 = Release|x64
		{1A4BA73E-7D58-428B-89F5-53BF16DB546A}.Release|x86.ActiveCfg = Release|Win32
		{1A4BA73E-7D58-428B-89F5-53BF16DB546A}.Release|x86.Build.0 = Release|Win32
		{78940558-F658-444C-9239-771B1A1D03D0}.Debug|x64.ActiveCfg = Debug|x64
		{78940558-F658-444C-9239-771B1A1D03D0}.Debug|x64.Build.0 = Debug|x64
		{78940558-F658-444C-9239-771B1A1D03D0}.Debug|x86.ActiveCfg = Debug|Win32
		{78940558-F658-444C-9239-771B1A1D03D0}.Debug|x86.Build.0 = Debug|Win32
		{78940558-F658-444C-9239-771B1A1D03D0}.Release|x64.ActiveCfg = Release|x64
		{78940558-F658-444C-9239-771B1A1D03D0}.Release|x64.Build.0 = Release|x64
		{78940558-F658-444C-9239-771B1A1D03D0}.Release|x86.ActiveCfg = Release|Win32
		{78940558-F658-444C-9239-771B1A1D03D0}.Release|x86.Build.0 = Release|Win32
		{7116C19B-8B82-402B-96F4-54E74196A7B5}.Debug|x64.ActiveCfg = Debug|x64
		{7116C19B-8B82-402B-96F4-54E74196A7B5}.Debug|x64.Build.0 = Debug|x64
		{7116C19B-8B82-402B-96F4-54E74196A7B5}.Debug|x86.ActiveCfg = Debug|Win32
		{7116C19B-8B82-402B-96F4-54E74196A7B5}.Debug|x86.Build.0 = Debug|Win32
		{7116C19B-8B82-402B-96F4-54E74196A7B5}.Release|x64.ActiveCfg = Release|x64
		{7116C19B-8B82-402B-96F4-54E74196A7B5}.Release|x64.Build.0 = Release|x64
		{7116C19B-8B82-402B-96F4-54E74196A7B5}.Release|x86.ActiveCfg = Release|Win32
		{7116C19B-8B82-402B-96F4-54E74196A7B5}.Release|x86.Build.0 = Release|Win32
		{ED10E699-C72F-4F0C-BB06-1B5574543376}.Debug|x64.ActiveCfg = Debug|x64
		{ED10E699-C72F-4F0C-BB06-1B5574543376}.Debug|x64.Build.0 = Debug|x64
		{ED10E699-C72F-4F0C-BB06-1B5574543376}.Debug|x86.ActiveCfg = Debug|Win32
		{ED10E699-C72F-4F0C-BB06-1B5574543376}.Debug|x86.Build.0 = Debug|Win32
		{ED10E699-C72F-4F0C-BB06-1B5574543376}.Release|x64.ActiveCfg = Release|x64
		{ED10E699-C72F-4F0C-BB06-1B5574543376}.Release|x64.Build.0 = Release|x64
		{ED10E699-C72F-4F0C-BB06-1B5574543376}.Release|x86.ActiveCfg = Release|Win32
		{ED10E699-C72F-4F0C-BB06-1B5574543376}.Release|x86.Build.0 = Release|Win32
		{F1D9938D-2B66-42BC-9AD3-82A361EEF021}.Debug|x64.ActiveCfg = Debug|x64
		{F1D9938D-2B66-42BC-9AD3-82A361EEF021}.Debug|x64.Build.0 = Debug|x64
		{F1D9938D-2B66-42BC-9AD3-82A361EEF021}.Debug|x86.ActiveCfg = Debug|Win32
		{F1D9938D-2B66-42BC-9AD3-82A361EEF021}.Debug|x86.Build.0 = Debug|Win32
		{F1D9938D-2B66-42BC-9AD3-82A361EEF021}.Release|x64.ActiveCfg = Release|x64
		{F1D9938D-2B66-42BC-9AD3-82A361EEF021}.Release|x64.Build.0 = Release|x64
		{F1D9938D-2B66-42BC-9AD3-82A361EEF021}.Release|x86.ActiveCfg = Release|Win32
		{F1D9938D-2B66-42BC-9AD3-82A361EEF021}.Release|x86.Build.0 = Release|Win32
		{D0B12959-AFA7-428A-87D2-83AAC5795ACA}.Debug|x64.ActiveCfg = Debug|x64
		{D0B12959-AFA7-428A-87D2-83AAC5795ACA}.Debug|x64.Build.0 = Debug|x64
		{D0B12959-AFA7-428A-87D2-83AAC5795ACA}.Debug|x86.ActiveCfg = Debug|Win32
		{D0B12959-AFA7-428A-87D2-83AAC5795ACA}.Debug|x86.Build.0 = Debug|Win32
		{D0B12959-AFA7-428A-87D2-83AAC5795ACA}.Release|x64.ActiveCfg = Release|x64
		{D0B12959-AFA7-428A-87D2-83AAC5795ACA}.Release|x64.Build.0 = Release|x64
		{D0B12959-AFA7-428A-87D2-83AAC5795ACA}.Release|x86.ActiveCfg = Release|Win32
		{D0B12959-AFA7-428A-87D2-83AAC5795ACA}.Release|x86.Build.0 = Release|Win32
		{217BDCDD-4E04-4902-AB29-17FF7D5C6FA6}.Debug|x64.ActiveCfg = Debug|x64
		{217BDCDD-4E04-4902-AB29-17FF7D5C6FA6}.Debug|x64.Build.0 = Debug|x64
		{217BDCDD-4E04-4902-AB29-17FF7D5C6FA6}.Debug|x86.ActiveCfg = Debug|Win32
		{217BDCDD-4E04-4902-AB29-17FF7D5C6FA6}.Debug|x86.Build.0 = Debug|Win32
		{217BDCDD-4E04-4902-AB29-17FF7D5C6FA6}.Release|x64.ActiveCfg = Release|x64
		{217BDCDD-4E04-4902-AB29-17FF7D5C6FA6}.Release|x64.Build.0 = Release|x64
		{217BDCDD-4E04-4902-AB29-17FF7D5C6FA6}.Release|x86.ActiveCfg = Release|Win32
		{217BDCDD-4E04-4902-AB29-17FF7D5C6FA6}.Release|x86.Build.0 = Release|Win32
		{46CD5B89-3B4A-495F-BA77-2B31C5A89323}.Debug|x64.ActiveCfg = Debug|x64
		{46CD5B89-3B4A-495F-BA77-2B31C5A89323}.Debug|x64.Build.0 = Debug|x64
		{46CD5B89-3B4A-495F-BA77-2B31C5A89323}.Debug|x86.ActiveCfg = Debug|Win32
		{46CD5B89-3B4A-495F-BA77-2B31C5A89323}.Debug|x86.Build.0 = Debug|Win32
		{46CD5B89-3B4A-495F-BA77-2B31C5A89323}.Release|x64.ActiveCfg = Release|x64
		{46CD5B89-3B4A-495F-BA77-2B31C5A89323}.Release|x64.Build.0 = Release|x64
		{46CD5B89-3B4A-495F-BA77-2B31C5A89323}.Release|x86.ActiveCfg = Release|Win32
		{46CD5B89-3B4A-495F-BA77-2B31C5A89323}.Release|x86.Build.0 = Release|Win32
		{0B1AC9A9-E202-463A-BFEC-78EA70F6D7F7}.Debug|x64.ActiveCfg = Debug|x64
		{0B1AC9A9-E202-463A-BFEC-78EA70F6D7F7}.Debug|x64.Build.0 = Debug|x64
		{0B1AC9A9-E202-463A-BFEC-78EA70F6D7F7}.Debug|x86.ActiveCfg = Debug|Win32
		{0B1AC9A9-E202-463A-BFEC-78EA70F6D7F7}.Debug|x86.Build.0 = Debug|Win32
		{0B1AC9A9-E202-463A-BFEC-78EA70F6D7F7}.Release|x64.ActiveCfg = Release|x64
		{0B1AC9A9-E202-463A-BFEC-78EA70F6D7F7}.Release|x64.Build.0 = Release|x64
		{0B1AC9A9-E202-463A-BFEC-78EA70F6D7F7}.Release|x86.ActiveCfg = Release|Win32
		{0B1AC9A9-E202-463A-BFEC-78EA70F6D7F7}.Release|x86.Build.0 = Release|Win32
		{A70F3A85-B951-41D3-9F0D-F9BC9D8C8F7B}.Debug|x64.ActiveCfg = Debug|x64
		{A70F3A85-B951-41D3-9F0D-F9BC9D8C8F7B}.Debug|x64.Build.0 = Debug|x64
		{A70F3A85-B951-41D3-9F0D-F9BC9D8C8F7B}.Debug|x86.ActiveCfg = Debug|Win32
		{A70F3A85-B951-41D3-9F0D-F9BC9D8C8F7B}.Debug|x86.Build.0 = Debug|Win32
		{A70F3A85-B951-41D3-9F0D-F9BC9D8C8F7B}.Release|x64.ActiveCfg = Release|x64
		{A70F3A85-B951-41D3-9F0D-F9BC9D8C8F7B}.Release|x64.Build.0 = Release|x64
		{A70F3A85-B951-41D3-9F0D-F9BC9D8C8F7B}.Release|x86.ActiveCfg = Release|Win32
		{A70F3A85-B951-41D3-9F0D-F9BC9D8C8F7B}.Release|x86.Build.0 = Release|Win32
		{DF1DB645-B742-49B8-BEDB-69FC6A3F5436}.Debug|x64.ActiveCfg = Debug|x64
		{DF1DB645-B742-49B8-BEDB-69FC6A3F5436}.Debug|x64.Build.0 = Debug|x64
		{DF1DB645-B742-49B8-BEDB-69FC6A3F5436}.Debug|x86.ActiveCfg = Debug|Win32
		{DF1DB645-B742-49B8-BEDB-69FC6A3F5436}.Debug|x86.Build.0 = Debug|Win32
		{DF1DB645-B742-49B8-BEDB-69FC6A3F5436}.Release|x64.ActiveCfg = Release|x64
		{DF1DB645-B742-49B8-BEDB-69FC6A3F5436}.Release|x64.Build.0 = Release|x64
		{DF1DB645-B742-49B8-BEDB-69FC6A3F5436}.Release|x86.ActiveCfg = Release|Win32
		{DF1DB645-B742-49B8-BEDB-69FC6A3F5436}.Release|x86.Build.0 = Release|Win32
		{7CF22AD8-5D8C-4CFE-9E76-EE1F62E85DB3}.Debug|x64.ActiveCfg = Debug|x64
		{7CF22AD8-5D8C-4CFE-9E76-EE1F62E85DB3}.Debug|x64.Build.0 = Debug|x64
		{7CF22AD8-5D8C-4CFE-9E76-EE1F62E85DB3}.Debug|x86.ActiveCfg = Debug|Win32
		{7CF22AD8-5D8C-4CFE-9E76-EE1F62E85DB3}.Debug|x86.Build.0 = Debug|Win32
		{7CF22AD8-5D8C-4CFE-9E76-EE1F62E85DB3}.Release|x64.ActiveCfg = Release|x64
		{7CF22AD8-5D8C-4CFE-9E76-EE1F62E85DB3}.Release|x64.Build.0 = Release|x64
		{7CF22AD8-5D8C-4CFE-9E76-EE1F62E85DB3}.Release|x86.ActiveCfg = Release|Win32
		{7CF22AD8-5D8C-4CFE-9E76-EE1F62E85DB3}.Release|x86.Build.0 = Release|Win32
		{05B48300-4184-4B4D-982D-DF40D76D91C8}.Debug|x64.ActiveCfg = Debug|x64
		{05B48300-4184-4B4D-982D-DF40D76D91C8}.Debug|x64.Build.0 = Debug|x64
		{05B48300-4184-4B4D-982D-DF40D76D91C8}.Debug|x86.ActiveCfg = Debug|Win32
		{05B48300-4184-4B4D-982D-DF40D76D91C8}.Debug|x86.Build.0 = Debug|Win32
		{05B48300-4184-4B4D-982D-DF40D76D91C8}.Release|x64.ActiveCfg = Release|x64
		{05B48300-4184-4B4D-982D-DF40D76D91C8}.Release|x64.Build.0 = Release|x64
		{05B48300-4184-4B4D-982D-DF40D76D91C8}.Release|x86.ActiveCfg = Release|Win32
		{05B48300-4184-4B4D-982D-DF40D76D91C8}.Release|x86.Build.0 = Release|Win32
		{69A308CC-0652-4AD0-AD1D-E23AC7ED0167}.Debug|x64.ActiveCfg = Debug|x64
		{69A308CC-0652-4AD0-AD1D-E23AC7ED0167}.Debug|x64.Build.0 = Debug|x64
		{69A308CC-0652-4AD0-AD1D-E23AC7ED0167}.Debug|x86.ActiveCfg = Debug|Win32
		{69A308CC-0652-4AD0-AD1D-E23AC7ED0167}.Debug|x86.Build.0 = Debug|Win32
		{69A308CC-0652-4AD0-AD1D-E23AC7ED0167}.Release|x64.ActiveCfg = Release|x64
		{69A308CC-0652-4AD0-AD1D-E23AC7ED0167}.Release|x64.Build.0 = Release|x64
		{69A308CC-0652-4AD0-AD1D-E23AC7ED0167}.Release|x86.ActiveCfg = Release|Win32
		{69A308CC-0652-4AD0-AD1D-E23AC7ED0167}.Release|x86.Build.0 = Release|Win32
		{AABAE737-4123-43E1-BF65-98048E012946}.Debug|x64.ActiveCfg = Debug|x64
		{AABAE737-4123-43E1-BF65-98048E012946}.Debug|x64.Build.0 = Debug|x64
		{AABAE737-4123-43E1-BF65-98048E012946}.Debug|x86.ActiveCfg = Debug|Win32
		{AABAE737-4123-43E1-BF65-98048E012946}.Debug|x86.Build.0 = Debug|Win32
		{AABAE737-4123-43E1-BF65-98048E012946}.Release|x64.ActiveCfg = Release|x64
		{AABAE737-4123-43E1-BF65-98048E012946}.Release|x64.Build.0 = Release|x64
		{AABAE737-4123-43E1-BF65-98048E012946}.Release|x86.ActiveCfg = Release|Win32
		{AABAE737-4123-43E1-BF65-98048E012946}.Release|x86.Build.0 = Release|Win32
		{C423EAD7-ACF3-4390-AAF8-A5B9E33872DB}.Debug|x64.ActiveCfg = Debug|x64
		{C423EAD7-ACF3-4390-AAF8-A5B9E33872DB}.Debug|x64.Build.0 = Debug|x64
		{C423EAD7-ACF3-4390-AAF8-A5B9E33872DB}.Debug|x86.ActiveCfg = Debug|Win32
		{C423EAD7-ACF3-4390-AAF8-A5B9E33872DB}.Debug|x86.Build.0 = Debug|Win32
		{C423EAD7-ACF3-4390-AAF8-A5B9E33872DB}.Release|x64.ActiveCfg = Release|x64
		{C423EAD7-ACF3-4390-AAF8-A5B9E33872DB}.Release|x64.Build.0 = Release|x64
		{C423EAD7-ACF3-4390-AAF8-A5B9E33872DB}.Release|x86.ActiveCfg = Release|Win32
		{C423EAD7-ACF3-4390-AAF8-A5B9E33872DB}.Release|x86.Build.0 = Release|Win32
		{E61C25AD-1BF3-4F9B-B5E8-5FB387CAE0FD}.Debug|x64.ActiveCfg = Debug|x64
		{E61C25AD-1BF3-4F9B-B5E8-5FB387CAE0FD}.Debug|x64.Build.0 = Debug|x64
		{E61C25AD-1BF3-4F9B-B5E8-5FB387CAE0FD}.Debug|x86.ActiveCfg = Debug|Win32
		{E61C25AD-1BF3-4F9B-B5E8-5FB387CAE0FD}.Debug|x86.Build.0 = Debug|Win32
		{E61C25AD-1BF3-4F9B-B5E8-5FB387CAE0FD}.Release|x64.ActiveCfg = Release|x64
		{E61C25AD-1BF3-4F9B-B5E8-5FB387CAE0FD}.Release|x64.Build.0 = Release|x64
		{E61C25AD-1BF3-4F9B-B5E8-5FB387CAE0FD}.Release|x86.ActiveCfg = Release|Win32
		{E61C25AD-1BF3-4F9B-B5E8-5FB387CAE0FD}.Release|x86.Build.0 = Release|Win32
		{D0474942-4090-43F5-A0FD-CEA2B59FC1FE}.Debug|x64.ActiveCfg = Debug|x64
		{D0474942-4090-43F5-A0FD-CEA2B59FC1FE}.Debug|x64.Build.0 = Debug|x64
		{D0474942-4090-43F5-A0FD-CEA2B59FC1FE}.Debug|x86.ActiveCfg = Debug|Win32
		{D0474942-4090-43F5-A0FD-CEA2B59FC1FE}.Debug|x86.Build.0 = Debug|Win32
		{D0474942-4090-43F5-A0FD-CEA2B59FC1FE}.Release|x64.ActiveCfg = Release|x64
		{D0474942-4090-43F5-A0FD-CEA2B59FC1FE}.Release|x64.Build.0 = Release|x64
		{D0474942-4090-43F5-A0FD-CEA2B59FC1FE}.Release|x86.ActiveCfg = Release|Win32
		{D0474942-4090-43F5-A0FD-CEA2B59FC1FE}.Release|x86.Build.0 = Release|Win32
		{8C815D89-CABD-4134-88CE-8BAC4E6C7293}.Debug|x64.ActiveCfg = Debug|x64
		{8C815D89-CABD-4134-88CE-8BAC4E6C7293}.Debug|x64.Build.0 = Debug|x64
		{8C815D89-CABD-4134-88CE-8BAC4E6C7293}.Debug|x86.ActiveCfg = Debug|Win32
		{8C815D89-CABD-4134-88CE-8BAC4E6C7293}.Debug|x86.Build.0 = Debug|Win32
		{8C815D89-CABD-4134-88CE-8BAC4E6C7293}.Release|x64.ActiveCfg = Release|x64
		{8C815D89-CABD-4134-88CE-8BAC4E6C7293}.Release|x64.Build.0 = Release|x64
		{8C815D89-CABD-4134-88CE-8BAC4E6C7293}.Release|x86.ActiveCfg = Release|Win32
		{8C815D89-CABD-4134-88CE-8BAC4E6C7293}.Release|x86.Build.0 = Release|Win32
		{7A070EEF-7885-4593-8974-095280E87E35}.Debug|x64.ActiveCfg = Debug|x64
		{7A070EEF-7885-4593-8974-095280E87E35}.Debug|x64.Build.0 = Debug|x64
		{7A070EEF-7885-4593-8974-095280E87E35}.Debug|x86.ActiveCfg = Debug|Win32
		{7A070EEF-7885-4593-8974-095280E87E35}.Debug|x86.Build.0 = Debug|Win32
		{7A070EEF-7885-4593-8974-095280E87E35}.Release|x64.ActiveCfg = Release|x64
		{7A070EEF-7885-4593-8974-095280E87E35}.Release|x64.Build.0 = Release|x64
		{7A070EEF-7885-4593-8974-095280E87E35}.Release|x86.ActiveCfg = Release|Win32
		{7A070EEF-7885-4593-8974-095280E87E35}.Release|x86.Build.0 = Release|Win32
		{32A3F521-522E-4F4B-A9F8-60F619F1285B}.Debug|x64.ActiveCfg = Debug|x64
		{32A3F521-522E-4F4B-A9F8-60F619F1285B}.Debug|x64.Build.0 = Debug|x64
		{32A3F521-522E-4F4B-A9F8-60F619F1285B}.Debug|x86.ActiveCfg = Debug|Win32
		{32A3F521-522E-4F4B-A9F8-60F619F1285B}.Debug|x86.Build.0 = Debug|Win32
		{32A3F521-522E-4F4B-A9F8-60F619F1285B}.Release|x64.ActiveCfg = Release|x64
		{32A3F521-522E-4F4B-A9F8-60F619F1285B}.Release|x64.Build.0 = Release|x64
		{32A3F521-522E-4F4B-A9F8-60F619F1285B}.Release|x86.ActiveCfg = Release|Win32
		{32A3F521-522E-4F4B-A9F8-60F619F1285B}.Release|x86.Build.0 = Release|Win32
		{4E1CE66E-52B9-4A56-99E6-4C5C756472FE}.Debug|x64.ActiveCfg = Debug|x64
		{4E1CE66E-52B9-4A56-99E6-4C5C756472FE}.Debug|x64.Build.0 = Debug|x64
		{4E1CE66E-52B9-4A56-99E6-4C5C756472FE}.Debug|x86.ActiveCfg = Debug|Win32
		{4E1CE66E-52B9-4A56-99E6-4C5C756472FE}.Debug|x86.Build.0 = Debug|Win32
		{4E1CE66E-52B9-4A56-99E6-4C5C756472FE}.Release|x64.ActiveCfg = Release|x64
		{4E1CE66E-52B9-4A56-99E6-4C5C756472FE}.Release|x64.Build.0 = Release|x64
		{4E1CE66E-52B9-4A56-99E6-4C5C756472FE}.Release|x86.ActiveCfg = Release|Win32
		{4E1CE66E-52B9-4A56-99E6-4C5C756472FE}.Release|x86.Build.0 = Release|Win32
		{25507F66-0C58-478B-A6AD-E3BFE8404D1A}.Debug|x64.ActiveCfg = Debug|x64
		{25507F66-0C58-478B-A6AD-E3BFE8404D1A}.Debug|x64.Build.0 = Debug|x64
		{25507F66-0C58-478B-A6AD-E3BFE8404D1A}.Debug|x86.ActiveCfg = Debug|Win32
		{25507F66-0C58-478B-A6AD-E3BFE8404D1A}.Debug|x86.Build.0 = Debug|Win32
		{25507F66-0C58-478B-A6AD-E3BFE8404D1A}.Release|x64.ActiveCfg = Release|x64
		{25507F66-0C58-478B-A6AD-E3BFE8404D1A}.Release|x64.Build.0 = Release|x64
		{25507F66-0C58-478B-A6AD-E3BFE8404D1A}.Release|x86.ActiveCfg = Release|Win32
		{25507F66-0C58-478B-A6AD-E3BFE8404D1A}.Release|x86.Build.0 = Release|Win32
		{BBFCDE22-6D49-4AE2-B574-E0562CBA5263}.Debug|x64.ActiveCfg = Debug|x64
		{BBFCDE22-6D49-4AE2-B574-E0562CBA5263}.Debug|x64.Build.0 = Debug|x64
		{BBFCDE22-6D49-4AE2-B574-E0562CBA5263}.Debug|x86.ActiveCfg = Debug|Win32
		{BBFCDE22-6D49-4AE2-B574-E0562CBA5263}.Debug|x86.Build.0 = Debug|Win32
		{BBFCDE22-6D49-4AE2-B574-E0562CBA5263}.Release|x64.ActiveCfg = Release|x64
		{BBFCDE22-6D49-4AE2-B574-E0562CBA5263}.Release|x64.Build.0 = Release|x64
		{BBFCDE22-6D49-4AE2-B574-E0562CBA5263}.Release|x86.ActiveCfg = Release|Win32
		{BBFCDE22-6D49-4AE2-B574-E0562CBA5263}.Release|x86.Build.0 = Release|Win32
		{1BEA76DC-75B9-43C7-81C5-D44324E70A1E}.Debug|x64.ActiveCfg = Debug|x64
		{1BEA76DC-75B9-43C7-81C5-D44324E70A1E}.Debug|x64.Build.0 = Debug|x64
		{1BEA76DC-75B9-43C7-81C5-D44324E70A1E}.Debug|x86.ActiveCfg = Debug|Win32
		{1BEA76DC-75B9-43C7-81C5-D44324E70A1E}.Debug|x86.Build.0 = Debug|Win32
		{1BEA76DC-75B9-43C7-81C5-D44324E70A1E}.Release|x64.ActiveCfg = Release|x64
		{1BEA76DC-75B9-43C7-81C5-D44324E70A1E}.Release|x64.Build.0 = Release|x64
		{1BEA76DC-75B9-43C7-81C5-D44324E70A1E}.Release|x86.ActiveCfg = Release|Win32
		{1BEA76DC-75B9-43C7-81C5-D44324E70A1E}.Release|x86.Build.0 = Release|Win32
		{C840505B-3CF7-49F3-8B4A-7A5473F65CA1}.Debug|x64.ActiveCfg = Debug|x64
		{C840505B-3CF7-49F3-8B4A-7A5473F65CA1}.Debug|x64.Build.0 = Debug|x64
		{C840505B-3CF7-49F3-8B4A-7A5473F65CA1}.Debug|x86.ActiveCfg = Debug|Win32
		{C840505B-3CF7-49F3-8B4A-7A5473F65CA1}.Debug|x86.Build.0 = Debug|Win32
		{C840505B-3CF7-49F3-8B4A-7A5473F65CA1}.Release|x64.ActiveCfg = Release|x64
		{C840505B-3CF7-49F3-8B4A-7A5473F65CA1}.Release|x64.Build.0 = Release|x64
		{C840505B-3CF7-49F3-8B4A-7A5473F65CA1}.Release|x86.ActiveCfg = Release|Win32
		{C840505B-3CF7-49F3-8B4A-7A5473F65CA1}.Release|x86.Build.0 = Release|Win32
		{C2919EB3-8E56-4FB0-9420-E6D29B58688A}.Debug|x64.ActiveCfg = Debug|x64
		{C2919EB3-8E56-4FB0-9420-E6D29B58688A}.Debug|x64.Build.0 = Debug|x64
		{C2919EB3-8E56-4FB0-9420-E6D29B58688A}.Debug|x86.ActiveCfg = Debug|Win32
		{C2919EB3-8E56-4FB0-9420-E6D29B58688A}.Debug|x86.Build.0 = Debug|Win32
		{C2919EB3-8E56-4FB0-9420-E6D29B58688A}.Release|x64.ActiveCfg = Release|x64
		{C2919EB3-8E56-4FB0-9420-E6D29B58688A}.Release|x64.Build.0 = Release|x64
		{C2919EB3-8E56-4FB0-9420-E6D29B58688A}.Release|x86.ActiveCfg = Release|Win32
		{C2919EB3-8E56-4FB0-9420-E6D29B58688A}.Release|x86.Build.0 = Release|Win32
		{7C0D939D-2B3A-4D41-8407-DDF446F155EB}.Debug|x64.ActiveCfg = Debug|x64
		{7C0D939D-2B3A-4D41-8407-DDF446F155EB}.Debug|x64.Build.0 = Debug|x64
		{7C0D939D-2B3A-4D41-8407-DDF446F155EB}.Debug|x86.ActiveCfg = Debug|Win32
		{7C0D939D-2B3A-4D41-8407-DDF446F155EB}.Debug|x86.Build.0 = Debug|Win32
		{7C0D939D-2B3A-4D41-8407-DDF446F155EB}.Release|x64.ActiveCfg = Release|x64
		{7C0D939D-2B3A-4D41-8407-DDF446F155EB}.Release|x64.Build.0 = Release|x64
		{7C0D939D-2B3A-4D41-8407-DDF446F155EB}.Release|x86.ActiveCfg = Release|Win32
		{7C0D939D-2B3A-4D41-8407-DDF446F155EB}.Release|x86.Build.0 = Release|Win32
		{2B008129-BE60-41F5-98F0-DDFF190D29AE}.Debug|x64.ActiveCfg = Debug|x64
		{2B008129-BE60-41F5-98F0-DDFF190D29AE}.Debug|x64.Build.0 = Debug|x64
		{2B008129-BE60-41F5-98F0-DDFF190D29AE}.Debug|x86.ActiveCfg = Debug|Win32
		{2B008129-BE60-41F5-98F0-DDFF190D29AE}.Debug|x86.Build.0 = Debug|Win32
		{2B008129-BE60-41F5-98F0-DDFF190D29AE}.Release|x64.ActiveCfg = Release|x64
		{2B008129-BE60-41F5-98F0-DDFF190D29AE}.Release|x64.Build.0 = Release|x64
		{2B008129-BE60-41F5-98F0-DDFF190D29AE}.Release|x86.ActiveCfg = Release|Win32
		{2B008129-BE60-41F5-98F0-DDFF190D29AE}.Release|x86.Build.0 = Release|Win32
		{88BC990E-F76C-4C47-A06D-DA55F61F135A}.Debug|x64.ActiveCfg = Debug|x64
		{88BC990E-F76C-4C47-A06D-DA55F61F135A}.Debug|x64.Build.0 = Debug|x64
		{88BC990E-F76C-4C47-A06D-DA55F61F135A}.Debug|x86.ActiveCfg = Debug|Win32
		{88BC990E-F76C-4C47-A06D-DA55F61F135A}.Debug|x86.Build.0 = Debug|Win32
		{88BC990E-F76C-4C47-A06D-DA55F61F135A}.Release|x64.ActiveCfg = Release|x64
		{88BC990E-F76C-4C47-A06D-DA55F61F135A}.Release|x64.Build.0 = Release|x64
		{88BC990E-F76C-4C47-A06D-DA55F61F135A}.Release|x86.ActiveCfg = Release|Win32
		{88BC990E-F76C-4C47-A06D-DA55F61F135A}.Release|x86.Build.0 = Release|Win32
		{14FB4E0D-3079-45B2-8868-685E76AB4BF2}.Debug|x64.ActiveCfg = Debug|x64
		{14FB4E0D-3079-45B2-8868-685E76AB4BF2}.Debug|x64.Build.0 = Debug|x64
		{14FB4E0D-3079-45B2-8868-685E76AB4BF2}.Debug|x86.ActiveCfg = Debug|Win32
		{14FB4E0D-3079-45B2-8868-685E76AB4BF2}.Debug|x86.Build.0 = Debug|Win32
		{14FB4E0D-3079-45B2-8868-685E76AB4BF2}.Release|x64.ActiveCfg = Release|x64
		{14FB4E0D-3079-45B2-8868-685E76AB4BF2}.Release|x64.Build.0 = Release|x64
		{14FB4E0D-3079-45B2-8868-685E76AB4BF2}.Release|x86.ActiveCfg = Release|Win32
		{14FB4E0D-3079-45B2-8868-685E76AB4BF2}.Release|x86.Build.0 = Release|Win32
		{61A3E9C6-5B7C-495C-BB26-286A18CCDDB0}.Debug|x64.ActiveCfg = Debug|x64
		{61A3E9C6-5B7C-495C-BB26-286A18CCDDB0}.Debug|x64.Build.0 = Debug|x64
		{61A3E9C6-5B7C-495C-BB26-286A18CCDDB0}.Debug|x86.ActiveCfg = Debug|Win32
		{61A3E9C6-5B7C-495C-BB26-286A18CCDDB0}.Debug|x86.Build.0 = Debug|Win32
		{61A3E9C6-5B7C-495C-BB26-286A18CCDDB0}.Release|x64.ActiveCfg = Release|x64
		{61A3E9C6-5B7C-495C-BB26-286A18CCDDB0}.Release|x64.Build.0 = Release|x64
		{61A3E9C6-5B7C-495C-BB26-286A18CCDDB0}.Release|x86.ActiveCfg = Release|Win32
		{61A3E9C6-5B7C-495C-BB26-286A18CCDDB0}.Release|x86.Build.0 = Release|Win32
		{3D66E91C-30E4-44CC-B703-988CE1971ED0}.Debug|x64.ActiveCfg = Debug|x64
		{3D66E91C-30E4-44CC-B703-988CE1971ED0}.Debug|x64.Build.0 = Debug|x64
		{3D66E91C-30E4-44CC-B703-988CE1971ED0}.Debug|x86.ActiveCfg = Debug|Win32
		{3D66E91C-30E4-44CC-B703-988CE1971ED0}.Debug|x86.Build.0 = Debug|Win32
		{3D66E91C-30E4-44CC-B703-988CE1971ED0}.Release|x64.ActiveCfg = Release|x64
		{3D66E91C-30E4-44CC-B703-988CE1971ED0}.Release|x64.Build.0 = Release|x64
		{3D66E91C-30E4-44CC-B703-988CE1971ED0}.Release|x86.ActiveCfg = Release|Win32
		{3D66E91C-30E4-44CC-B703-988CE1971ED0}.Release|x86.Build.0 = Release|Win32
		{C96515BB-9DC9-4184-B6C0-CC14D2DF84B4}.Debug|x64.ActiveCfg = Debug|x64
		{C96515BB-9DC9-4184-B6C0-CC14D2DF84B4}.Debug|x64.Build.0 = Debug|x64
		{C96515BB-9DC9-4184-B6C0-CC14D2DF84B4}.Debug|x86.ActiveCfg = Debug|Win32
		{C96515BB-9DC9-4184-B6C0-CC14D2DF84B4}.Debug|x86.Build.0 = Debug|Win32
		{C96515BB-9DC9-4184-B6C0-CC14D2DF84B4}.Release|x64.ActiveCfg = Release|x64
		{C96515BB-9DC9-4184-B6C0-CC14D2DF84B4}.Release|x64.Build.0 = Release|x64
		{C96515BB-9DC9-4184-B6C0-CC14D2DF84B4}.Release|x86.ActiveCfg = Release|Win32
		{C96515BB-9DC9-4184-B6C0-CC14D2DF84B4}.Release|x86.Build.0 = Release|Win32
		{119E3A75-28D6-40DF-9DED-270DBA134138}.Debug|x64.ActiveCfg = Debug|x64
		{119E3A75-28D6-40DF-9DED-270DBA134138}.Debug|x64.Build.0 = Debug|x64
		{119E3A75-28D6-40DF-9DED-270DBA134138}.Debug|x86.ActiveCfg = Debug|Win32
		{119E3A75-28D6-40DF-9DED-270DBA134138}.Debug|x86.Build.0 = Debug|Win32
		{119E3A75-28D6-40DF-9DED-270DBA134138}.Release|x64.ActiveCfg = Release|x64
		{119E3A75-28D6-40DF-9DED-270DBA134138}.Release|x64.Build.0 = Release|x64
		{119E3A75-28D6-40DF-9DED-270DBA134138}.Release|x86.ActiveCfg = Release|Win32
		{119E3A75-28D6-40DF-9DED-270DBA134138}.Release|x86.Build.0 = Release|Win32
		{54ECE62F-AB96-4EBB-A95C-1A38044BE5CC}.Debug|x64.ActiveCfg = Debug|x64
		{54ECE62F-AB96-4EBB-A95C-1A38044BE5CC}.Debug|x64.Build.0 = Debug|x64
		{54ECE62F-AB96-4EBB-A95C-1A38044BE5CC}.Debug|x86.ActiveCfg = Debug|Win32
		{54ECE62F-AB96-4EBB-A95C-1A38044BE5CC}.Debug|x86.Build.0 = Debug|Win32
		{54ECE62F-AB96-4EBB-A95C-1A38044BE5CC}.Release|x64.ActiveCfg = Release|x64
		{54ECE62F-AB96-4EBB-A95C-1A38044BE5CC}.Release|x64.Build.0 = Release|x64
		{54ECE62F-AB96-4EBB-A95C-1A38044BE5CC}.Release|x86.ActiveCfg = Release|Win32
		{54ECE62F-AB96-4EBB-A95C-1A38044BE5CC}.Release|x86.Build.0 = Release|Win32
		{5DACB7C7-87B0-4ED2-8374-93FFE0400EC5}.Debug|x64.ActiveCfg = Debug|x64
		{5DACB7C7-87B0-4ED2-8374-93FFE0400EC5}.Debug|x64.Build.0 = Debug|x64
		{5DACB7C7-87B0-4ED2-8374-93FFE0400EC5}.Debug|x86.ActiveCfg = Debug|Win32
		{5DACB7C7-87B0-4ED2-8374-93FFE0400EC5}.Debug|x86.Build.0 = Debug|Win32
		{5DACB7C7-87B0-4ED2-8374-93FFE0400EC5}.Release|x64.ActiveCfg = Release|x64
		{5DACB7C7-87B0-4ED2-8374-93FFE0400EC5}.Release|x64.Build.0 = Release|x64
		{5DACB7C7-87B0-4ED2-8374-93FFE0400EC5}.Release|x86.ActiveCfg = Release|Win32
		{5DACB7C7-87B0-4ED2-8374-93FFE0400EC5}.Release|x86.Build.0 = Release|Win32
		{D2EFAA6D-04C0-4D49-8540-C06308F1BA67}.Debug|x64.ActiveCfg = Debug|x64
		{D2EFAA6D-04C0-4D49-8540-C06308F1BA67}.Debug|x64.Build.0 = Debug|x64
		{D2EFAA6D-04C0-4D49-8540-C06308F1BA67}.Debug|x86.ActiveCfg = Debug|Win32
		{D2EFAA6D-04C0-4D49-8540-C06308F1BA67}.Debug|x86.Build.0 = Debug|Win32
		{D2EFAA6D-04C0-4D49-8540-C06308F1BA67}.Release|x64.ActiveCfg = Release|x64
		{D2EFAA6D-04C0-4D49-8540-C06308F1BA67}.Release|x64.Build.0 = Release|x64
		{D2EFAA6D-04C0-4D49-8540-C06308F1BA67}.Release|x86.ActiveCfg = Release|Win32
		{D2EFAA6D-04C0-4D49-8540-C06308F1BA67}.Release|x86.Build.0 = Release|Win32
		{76B586C7-709B-4D1B-9EE3-F2719580155C}.Debug|x64.ActiveCfg = Debug|x64
		{76B586C7-709B-4D1B-9EE3-F2719580155C}.Debug|x64.Build.0 = Debug|x64
		{76B586C7-709B-4D1B-9EE3-F2719580155C}.Debug|x86.ActiveCfg = Debug|Win32
		{76B586C7-709B-4D1B-9EE3-F2719580155C}.Debug|x86.Build.0 = Debug|Win32
		{76B586C7-709B-4D1B-9EE3-F2719580155C}.Release|x64.ActiveCfg = Release|x64
		{76B586C7-709B-4D1B-9EE3-F2719580155C}.Release|x64.Build.0 = Release|x64
		{76B586C7-709B-4D1B-9EE3-F2719580155C}.Release|x86.ActiveCfg = Release|Win32
		{76B586C7-709B-4D1B-9EE3-F2719580155C}.Release|x86.Build.0 = Release|Win32
		{144D9A03-E1F6-4CBD-8CCB-AFC257C83101}.Debug|x64.ActiveCfg = Debug|x64
		{144D9A03-E1F6-4CBD-8CCB-AFC257C83101}.Debug|x64.Build.0 = Debug|x64
		{144D9A03-E1F6-4CBD-8CCB-AFC257C83101}.Debug|x86.ActiveCfg = Debug|Win32
		{144D9A03-E1F6-4CBD-8CCB-AFC257C83101}.Debug|x86.Build.0 = Debug|Win32
		{144D9A03-E1F6-4CBD-8CCB-AFC257C83101}.Release|x64.ActiveCfg = Release|x64
		{144D9A03-E1F6-4CBD-8CCB-AFC257C83101}.Release|x64.Build.0 = Release|x64
		{144D9A03-E1F6-4CBD-8CCB-AFC257C83101}.Release|x86.ActiveCfg = Release|Win32
		{144D9A03-E1F6-4CBD-8CCB-AFC257C83101}.Release|x86.Build.0 = Release|Win32
		{65128F9E-45A7-4F66-9C09-0E6F28D048B2}.Debug|x64.ActiveCfg = Debug|x64
		{65128F9E-45A7-4F66-9C09-0E6F28D048B2}.Debug|x64.Build.0 = Debug|x64
		{65128F9E-45A7-4F66-9C09-0E6F28D048B2}.Debug|x86.ActiveCfg = Debug|Win32
		{65128F9E-45A7-4F66-9C09-0E6F28D048B2}.Debug|x86.Build.0 = Debug|Win32
		{65128F9E-45A7-4F66-9C09-0E6F28D048B2}.Release|x64.ActiveCfg = Release|x64
		{65128F9E-45A7-4F66-9C09-0E6F28D048B2}.Release|x64.Build.0 = Release|x64
		{65128F9E-45A7-4F66-9C09-0E6F28D048B2}.Release|x86.ActiveCfg = Release|Win32
		{65128F9E-45A7-4F66-9C09-0E6F28D048B2}.Release|x86.Build.0 = Release|Win32
		{24A39B1F-5677-4D1F-8E21-5B95AF72C86E}.Debug|x64.ActiveCfg = Debug|x64
		{24A39B1F-5677-4D1F-8E21-5B95AF72C86E}.Debug|x64.Build.0 = Debug|x64
		{24A39B1F-5677-4D1F-8E21-5B95AF72C86E}.Debug|x86.ActiveCfg = Debug|Win32
		{24A39B1F-5677-4D1F-8E21-5B95AF72C86E}.Debug|x86.Build.0 = Debug|Win32
		{24A39B1F-5677-4D1F-8E21-5B95AF72C86E}.Release|x64.ActiveCfg = Release|x64
		{24A39B1F-5677-4D1F-8E21-5B95AF72C86E}.Release|x64.Build.0 = Release|x64
		{24A39B1F-5677-4D1F-8E21-5B95AF72C86E}.Release|x86.ActiveCfg = Release|Win32
		{24A39B1F-5677-4D1F-8E21-5B95AF72C86E}.Release|x86.Build.0 = Release|Win32
		{9CF693AD-B974-4075-AEB9-2D4EFC830298}.Debug|x64.ActiveCfg = Debug|x64
		{9CF693AD-B974-4075-AEB9-2D4EFC830298}.Debug|x64.Build.0 = Debug|x64
		{9CF693AD-B974-4075-AEB9-2D4EFC830298}.Debug|x86.ActiveCfg = Debug|Win32
		{9CF693AD-B974-4075-AEB9-2D4EFC830298}.Debug|x86.Build.0 = Debug|Win32
		{9CF693AD-B974-4075-AEB9-2D4EFC830298}.Release|x64.ActiveCfg = Release|x64
		{9CF693AD-B974-4075-AEB9-2D4EFC830298}.Release|x64.Build.0 = Release|x64
		{9CF693AD-B974-4075-AEB9-2D4EFC830298}.Release|x86.ActiveCfg = Release|Win32
		{9CF693AD-B974-4075-AEB9-2D4EFC830298}.Release|x86.Build.0 = Release|Win32
		{F2751F54-6962-4C6C-93BD-069B53500577}.Debug|x64.ActiveCfg = Debug|x64
		{F2751F54-6962-4C6C-93BD-069B53500577}.Debug|x64.Build.0 = Debug|x64
		{F2751F54-6962-4C6C-93BD-069B53500577}.Debug|x86.ActiveCfg = Debug|Win32
		{F2751F54-6962-4C6C-93BD-069B53500577}.Debug|x86.Build.0 = Debug|Win32
		{F2751F54-6962-4C6C-93BD-069B53500577}.Release|x64.ActiveCfg = Release|x64
		{F2751F54-6962-4C6C-93BD-069B53500577}.Release|x64.Build.0 = Release|x64
		{F2751F54-6962-4C6C-93BD-069B53500577}.Release|x86.ActiveCfg = Release|Win32
		{F2751F54-6962-4C6C-93BD-069B53500577}.Release|x86.Build.0 = Release|Win32
		{02C067AD-D576-45BD-BFC5-6B9D96AF1A78}.Debug|x64.ActiveCfg = Debug|x64
		{02C067AD-D576-45BD-BFC5-6B9D96AF1A78}.Debug|x64.Build.0 = Debug|x64
		{02C067AD-D576-45BD-BFC5-6B9D96AF1A78}.Debug|x86.ActiveCfg = Debug|Win32
		{02C067AD-D576-45BD-BFC5-6B9D96AF1A78}.Debug|x86.Build.0 = Debug|Win32
		{02C067AD-D576-45BD-BFC5-6B9D96AF1A78}.Release|x64.ActiveCfg = Release|x64
		{02C067AD-D576-45BD-BFC5-6B9D96AF1A78}.Release|x64.Build.0 = Release|x64
		{02C067AD-D576-45BD-BFC5-6B9D96AF1A78}.Release|x86.ActiveCfg = Release|Win32
		{02C067AD-D576-45BD-BFC5-6B9D96AF1A78}.Release|x86.Build.0 = Release|Win32
		{13C7C084-6DAF-484E-8487-AF5C23FF11F3}.Debug|x64.ActiveCfg = Debug|x64
		{13C7C084-6DAF-484E-8487-AF5C23FF11F3}.Debug|x64.Build.0 = Debug|x64
		{13C7C084-6DAF-484E-8487-AF5C23FF11F3}.Debug|x86.ActiveCfg = Debug|Win32
		{13C7C084-6DAF-484E-8487-AF5C23FF11F3}.Debug|x86.Build.0 = Debug|Win32
		{13C7C084-6DAF-484E-8487-AF5C23FF11F3}.Release|x64.ActiveCfg = Release|x64
		{13C7C084-6DAF-484E-8487-AF5C23FF11F3}.Release|x64.Build.0 = Release|x64
		{13C7C084-6DAF-484E-8487-AF5C23FF11F3}.Release|x86.ActiveCfg = Release|Win32
		{13C7C084-6DAF-484E-8487-AF5C23FF11F3}.Release|x86.Build.0 = Release|Win32
		{D263D1D3-A3AB-4445-85FC-72C852C47098}.Debug|x64.ActiveCfg = Debug|x64
		{D263D1D3-A3AB-4445-85FC-72C852C47098}.Debug|x64.Build.0 = Debug|x64
		{D263D1D3-A3AB-4445-85FC-72C852C47098}.Debug|x86.ActiveCfg = Debug|Win32
		{D263D1D3-A3AB-4445-85FC-72C852C47098}.Debug|x86.Build.0 = Debug|Win32
		{D263D1D3-A3AB-4445-85FC-72C852C47098}.Release|x64.ActiveCfg = Release|x64
		{D263D1D3-A3AB-4445-85FC-72C852C47098}.Release|x64.Build.0 = Release|x64
		{D263D1D3-A3AB-4445-85FC-72C852C47098}.Release|x86.ActiveCfg = Release|Win32
		{D263D1D3-A3AB-4445-85FC-72C852C47098}.Release|x86.Build.0 = Release|Win32
		{A09BBE89-1ABC-4F6E-B53C-CED3CB0ECCF8}.Debug|x64.ActiveCfg = Debug|x64
		{A09BBE89-1ABC-4F6E-B53C-CED3CB0ECCF8}.Debug|x64.Build.0 = Debug|x64
		{A09BBE89-1ABC-4F6E-B53C-CED3CB0ECCF8}.Debug|x86.ActiveCfg = Debug|Win32
		{A09BBE89-1ABC-4F6E-B53C-CED3CB0ECCF8}.Debug|x86.Build.0 = Debug|Win32
		{A09BBE89-1ABC-4F6E-B53C-CED3CB0ECCF8}.Release|x64.ActiveCfg = Release|x64
		{A09BBE89-1ABC-4F6E-B53C-CED3CB0ECCF8}.Release|x64.Build.0 = Release|x64
		{A09BBE89-1ABC-4F6E-B53C-CED3CB0ECCF8}.Release|x86.ActiveCfg = Release|Win32
		{A09BBE89-1ABC-4F6E-B53C-CED3CB0ECCF8}.Release|x86.Build.0 = Release|Win32
	EndGlobalSection
	GlobalSection(SolutionProperties) = preSolution
		HideSolutionNode = FALSE
	EndGlobalSection
EndGlobal
